// !$*UTF8*$!
{
	archiveVersion = 1;
	classes = {
	};
	objectVersion = 46;
	objects = {

/* Begin PBXBuildFile section */
		6916EB21196F7A4C005705B5 /* NWSenderResultModel.m in Sources */ = {isa = PBXBuildFile; fileRef = 6916EB20196F7A4C005705B5 /* NWSenderResultModel.m */; };
		6916EB24196F7B14005705B5 /* NWSender.m in Sources */ = {isa = PBXBuildFile; fileRef = 6916EB23196F7B14005705B5 /* NWSender.m */; };
		6916EB27196F7B86005705B5 /* NWViewCacheBean.m in Sources */ = {isa = PBXBuildFile; fileRef = 6916EB26196F7B86005705B5 /* NWViewCacheBean.m */; };
		6916EB2E196F7C22005705B5 /* NWDetailViewCacheBean.m in Sources */ = {isa = PBXBuildFile; fileRef = 6916EB2A196F7C22005705B5 /* NWDetailViewCacheBean.m */; };
		6916EB2F196F7C22005705B5 /* NWHotViewCacheBean.m in Sources */ = {isa = PBXBuildFile; fileRef = 6916EB2D196F7C22005705B5 /* NWHotViewCacheBean.m */; };
		6916EB3C196F7C40005705B5 /* NWAppHistoryModel.m in Sources */ = {isa = PBXBuildFile; fileRef = 6916EB32196F7C40005705B5 /* NWAppHistoryModel.m */; };
		6916EB3D196F7C40005705B5 /* NWDetailInfoModel.m in Sources */ = {isa = PBXBuildFile; fileRef = 6916EB34196F7C40005705B5 /* NWDetailInfoModel.m */; };
		6916EB3E196F7C40005705B5 /* NWDetailIntroductModel.m in Sources */ = {isa = PBXBuildFile; fileRef = 6916EB36196F7C40005705B5 /* NWDetailIntroductModel.m */; };
		6916EB3F196F7C40005705B5 /* NWDtailInterestModel.m in Sources */ = {isa = PBXBuildFile; fileRef = 6916EB38196F7C40005705B5 /* NWDtailInterestModel.m */; };
		6916EB40196F7C40005705B5 /* NWListAppModel.m in Sources */ = {isa = PBXBuildFile; fileRef = 6916EB3B196F7C40005705B5 /* NWListAppModel.m */; };
		6916EB44196F7C65005705B5 /* NWHotSender.m in Sources */ = {isa = PBXBuildFile; fileRef = 6916EB43196F7C65005705B5 /* NWHotSender.m */; };
		6916EB47196F7C86005705B5 /* NWServiceUtil.m in Sources */ = {isa = PBXBuildFile; fileRef = 6916EB46196F7C86005705B5 /* NWServiceUtil.m */; };
		6916EB4E196FA443005705B5 /* NWViewCacheBeanPool.m in Sources */ = {isa = PBXBuildFile; fileRef = 6916EB4D196FA443005705B5 /* NWViewCacheBeanPool.m */; };
		6916EB51196FA45D005705B5 /* NWViewCacheBeanManager.m in Sources */ = {isa = PBXBuildFile; fileRef = 6916EB50196FA45D005705B5 /* NWViewCacheBeanManager.m */; };
		6916EB54196FA6F7005705B5 /* NWViewCacheBeanBlock.m in Sources */ = {isa = PBXBuildFile; fileRef = 6916EB53196FA6F7005705B5 /* NWViewCacheBeanBlock.m */; };
		6916EB57196FBDA3005705B5 /* NWHotAppRequest.m in Sources */ = {isa = PBXBuildFile; fileRef = 6916EB56196FBDA3005705B5 /* NWHotAppRequest.m */; };
		6916EB5A196FBEAE005705B5 /* NWHotAppResponse.m in Sources */ = {isa = PBXBuildFile; fileRef = 6916EB59196FBEAE005705B5 /* NWHotAppResponse.m */; };
		6916EB5D196FBF2E005705B5 /* NWAppDetailRequest.m in Sources */ = {isa = PBXBuildFile; fileRef = 6916EB5C196FBF2E005705B5 /* NWAppDetailRequest.m */; };
		6979585E195945960017D864 /* Foundation.framework in Frameworks */ = {isa = PBXBuildFile; fileRef = 6979585D195945960017D864 /* Foundation.framework */; };
		69795863195945960017D864 /* CoreBusiness.h in CopyFiles */ = {isa = PBXBuildFile; fileRef = 69795862195945960017D864 /* CoreBusiness.h */; };
		69795865195945960017D864 /* CoreBusiness.m in Sources */ = {isa = PBXBuildFile; fileRef = 69795864195945960017D864 /* CoreBusiness.m */; };
		697ED9B91976552000BC09D2 /* NWBannerModel.m in Sources */ = {isa = PBXBuildFile; fileRef = 697ED9B81976552000BC09D2 /* NWBannerModel.m */; };
		69A42FE3195B409A00670DD1 /* libCoreNetWork.a in Frameworks */ = {isa = PBXBuildFile; fileRef = 69A42FE2195B409A00670DD1 /* libCoreNetWork.a */; };
		69C37B1D1980D1C500B1F0D0 /* NWUpdateAppSender.m in Sources */ = {isa = PBXBuildFile; fileRef = 69C37B1C1980D1C500B1F0D0 /* NWUpdateAppSender.m */; };
		69C37B201980D23000B1F0D0 /* NWUpdateAppRequest.m in Sources */ = {isa = PBXBuildFile; fileRef = 69C37B1F1980D23000B1F0D0 /* NWUpdateAppRequest.m */; };
		69C37B251980D36B00B1F0D0 /* NWUpdateViewCacheBean.m in Sources */ = {isa = PBXBuildFile; fileRef = 69C37B241980D36B00B1F0D0 /* NWUpdateViewCacheBean.m */; };
/* End PBXBuildFile section */

/* Begin PBXCopyFilesBuildPhase section */
		69795858195945960017D864 /* CopyFiles */ = {
			isa = PBXCopyFilesBuildPhase;
			buildActionMask = 2147483647;
			dstPath = "include/$(PRODUCT_NAME)";
			dstSubfolderSpec = 16;
			files = (
				69795863195945960017D864 /* CoreBusiness.h in CopyFiles */,
			);
			runOnlyForDeploymentPostprocessing = 0;
		};
/* End PBXCopyFilesBuildPhase section */

/* Begin PBXFileReference section */
		6916EB1F196F7A4C005705B5 /* NWSenderResultModel.h */ = {isa = PBXFileReference; fileEncoding = 4; lastKnownFileType = sourcecode.c.h; path = NWSenderResultModel.h; sourceTree = "<group>"; };
		6916EB20196F7A4C005705B5 /* NWSenderResultModel.m */ = {isa = PBXFileReference; fileEncoding = 4; lastKnownFileType = sourcecode.c.objc; path = NWSenderResultModel.m; sourceTree = "<group>"; };
		6916EB22196F7B14005705B5 /* NWSender.h */ = {isa = PBXFileReference; fileEncoding = 4; lastKnownFileType = sourcecode.c.h; path = NWSender.h; sourceTree = "<group>"; };
		6916EB23196F7B14005705B5 /* NWSender.m */ = {isa = PBXFileReference; fileEncoding = 4; lastKnownFileType = sourcecode.c.objc; path = NWSender.m; sourceTree = "<group>"; };
		6916EB25196F7B86005705B5 /* NWViewCacheBean.h */ = {isa = PBXFileReference; fileEncoding = 4; lastKnownFileType = sourcecode.c.h; path = NWViewCacheBean.h; sourceTree = "<group>"; };
		6916EB26196F7B86005705B5 /* NWViewCacheBean.m */ = {isa = PBXFileReference; fileEncoding = 4; lastKnownFileType = sourcecode.c.objc; path = NWViewCacheBean.m; sourceTree = "<group>"; };
		6916EB29196F7C22005705B5 /* NWDetailViewCacheBean.h */ = {isa = PBXFileReference; fileEncoding = 4; lastKnownFileType = sourcecode.c.h; path = NWDetailViewCacheBean.h; sourceTree = "<group>"; };
		6916EB2A196F7C22005705B5 /* NWDetailViewCacheBean.m */ = {isa = PBXFileReference; fileEncoding = 4; lastKnownFileType = sourcecode.c.objc; path = NWDetailViewCacheBean.m; sourceTree = "<group>"; };
		6916EB2C196F7C22005705B5 /* NWHotViewCacheBean.h */ = {isa = PBXFileReference; fileEncoding = 4; lastKnownFileType = sourcecode.c.h; path = NWHotViewCacheBean.h; sourceTree = "<group>"; };
		6916EB2D196F7C22005705B5 /* NWHotViewCacheBean.m */ = {isa = PBXFileReference; fileEncoding = 4; lastKnownFileType = sourcecode.c.objc; path = NWHotViewCacheBean.m; sourceTree = "<group>"; };
		6916EB31196F7C40005705B5 /* NWAppHistoryModel.h */ = {isa = PBXFileReference; fileEncoding = 4; lastKnownFileType = sourcecode.c.h; path = NWAppHistoryModel.h; sourceTree = "<group>"; };
		6916EB32196F7C40005705B5 /* NWAppHistoryModel.m */ = {isa = PBXFileReference; fileEncoding = 4; lastKnownFileType = sourcecode.c.objc; path = NWAppHistoryModel.m; sourceTree = "<group>"; };
		6916EB33196F7C40005705B5 /* NWDetailInfoModel.h */ = {isa = PBXFileReference; fileEncoding = 4; lastKnownFileType = sourcecode.c.h; path = NWDetailInfoModel.h; sourceTree = "<group>"; };
		6916EB34196F7C40005705B5 /* NWDetailInfoModel.m */ = {isa = PBXFileReference; fileEncoding = 4; lastKnownFileType = sourcecode.c.objc; path = NWDetailInfoModel.m; sourceTree = "<group>"; };
		6916EB35196F7C40005705B5 /* NWDetailIntroductModel.h */ = {isa = PBXFileReference; fileEncoding = 4; lastKnownFileType = sourcecode.c.h; path = NWDetailIntroductModel.h; sourceTree = "<group>"; };
		6916EB36196F7C40005705B5 /* NWDetailIntroductModel.m */ = {isa = PBXFileReference; fileEncoding = 4; lastKnownFileType = sourcecode.c.objc; path = NWDetailIntroductModel.m; sourceTree = "<group>"; };
		6916EB37196F7C40005705B5 /* NWDtailInterestModel.h */ = {isa = PBXFileReference; fileEncoding = 4; lastKnownFileType = sourcecode.c.h; path = NWDtailInterestModel.h; sourceTree = "<group>"; };
		6916EB38196F7C40005705B5 /* NWDtailInterestModel.m */ = {isa = PBXFileReference; fileEncoding = 4; lastKnownFileType = sourcecode.c.objc; path = NWDtailInterestModel.m; sourceTree = "<group>"; };
		6916EB3A196F7C40005705B5 /* NWListAppModel.h */ = {isa = PBXFileReference; fileEncoding = 4; lastKnownFileType = sourcecode.c.h; path = NWListAppModel.h; sourceTree = "<group>"; };
		6916EB3B196F7C40005705B5 /* NWListAppModel.m */ = {isa = PBXFileReference; fileEncoding = 4; lastKnownFileType = sourcecode.c.objc; path = NWListAppModel.m; sourceTree = "<group>"; };
		6916EB42196F7C65005705B5 /* NWHotSender.h */ = {isa = PBXFileReference; fileEncoding = 4; lastKnownFileType = sourcecode.c.h; path = NWHotSender.h; sourceTree = "<group>"; };
		6916EB43196F7C65005705B5 /* NWHotSender.m */ = {isa = PBXFileReference; fileEncoding = 4; lastKnownFileType = sourcecode.c.objc; path = NWHotSender.m; sourceTree = "<group>"; };
		6916EB45196F7C86005705B5 /* NWServiceUtil.h */ = {isa = PBXFileReference; fileEncoding = 4; lastKnownFileType = sourcecode.c.h; path = NWServiceUtil.h; sourceTree = "<group>"; };
		6916EB46196F7C86005705B5 /* NWServiceUtil.m */ = {isa = PBXFileReference; fileEncoding = 4; lastKnownFileType = sourcecode.c.objc; path = NWServiceUtil.m; sourceTree = "<group>"; };
		6916EB4C196FA443005705B5 /* NWViewCacheBeanPool.h */ = {isa = PBXFileReference; fileEncoding = 4; lastKnownFileType = sourcecode.c.h; path = NWViewCacheBeanPool.h; sourceTree = "<group>"; };
		6916EB4D196FA443005705B5 /* NWViewCacheBeanPool.m */ = {isa = PBXFileReference; fileEncoding = 4; lastKnownFileType = sourcecode.c.objc; path = NWViewCacheBeanPool.m; sourceTree = "<group>"; };
		6916EB4F196FA45D005705B5 /* NWViewCacheBeanManager.h */ = {isa = PBXFileReference; fileEncoding = 4; lastKnownFileType = sourcecode.c.h; path = NWViewCacheBeanManager.h; sourceTree = "<group>"; };
		6916EB50196FA45D005705B5 /* NWViewCacheBeanManager.m */ = {isa = PBXFileReference; fileEncoding = 4; lastKnownFileType = sourcecode.c.objc; path = NWViewCacheBeanManager.m; sourceTree = "<group>"; };
		6916EB52196FA6F7005705B5 /* NWViewCacheBeanBlock.h */ = {isa = PBXFileReference; fileEncoding = 4; lastKnownFileType = sourcecode.c.h; path = NWViewCacheBeanBlock.h; sourceTree = "<group>"; };
		6916EB53196FA6F7005705B5 /* NWViewCacheBeanBlock.m */ = {isa = PBXFileReference; fileEncoding = 4; lastKnownFileType = sourcecode.c.objc; path = NWViewCacheBeanBlock.m; sourceTree = "<group>"; };
		6916EB55196FBDA3005705B5 /* NWHotAppRequest.h */ = {isa = PBXFileReference; fileEncoding = 4; lastKnownFileType = sourcecode.c.h; path = NWHotAppRequest.h; sourceTree = "<group>"; };
		6916EB56196FBDA3005705B5 /* NWHotAppRequest.m */ = {isa = PBXFileReference; fileEncoding = 4; lastKnownFileType = sourcecode.c.objc; path = NWHotAppRequest.m; sourceTree = "<group>"; };
		6916EB58196FBEAE005705B5 /* NWHotAppResponse.h */ = {isa = PBXFileReference; fileEncoding = 4; lastKnownFileType = sourcecode.c.h; path = NWHotAppResponse.h; sourceTree = "<group>"; };
		6916EB59196FBEAE005705B5 /* NWHotAppResponse.m */ = {isa = PBXFileReference; fileEncoding = 4; lastKnownFileType = sourcecode.c.objc; path = NWHotAppResponse.m; sourceTree = "<group>"; };
		6916EB5B196FBF2E005705B5 /* NWAppDetailRequest.h */ = {isa = PBXFileReference; fileEncoding = 4; lastKnownFileType = sourcecode.c.h; path = NWAppDetailRequest.h; sourceTree = "<group>"; };
		6916EB5C196FBF2E005705B5 /* NWAppDetailRequest.m */ = {isa = PBXFileReference; fileEncoding = 4; lastKnownFileType = sourcecode.c.objc; path = NWAppDetailRequest.m; sourceTree = "<group>"; };
		6916EB5F196FC23D005705B5 /* NWURLDefine.h */ = {isa = PBXFileReference; lastKnownFileType = sourcecode.c.h; path = NWURLDefine.h; sourceTree = "<group>"; };
		6979585A195945960017D864 /* libCoreBusiness.a */ = {isa = PBXFileReference; explicitFileType = archive.ar; includeInIndex = 0; path = libCoreBusiness.a; sourceTree = BUILT_PRODUCTS_DIR; };
		6979585D195945960017D864 /* Foundation.framework */ = {isa = PBXFileReference; lastKnownFileType = wrapper.framework; name = Foundation.framework; path = System/Library/Frameworks/Foundation.framework; sourceTree = SDKROOT; };
		69795861195945960017D864 /* CoreBusiness-Prefix.pch */ = {isa = PBXFileReference; lastKnownFileType = sourcecode.c.h; path = "CoreBusiness-Prefix.pch"; sourceTree = "<group>"; };
		69795862195945960017D864 /* CoreBusiness.h */ = {isa = PBXFileReference; lastKnownFileType = sourcecode.c.h; path = CoreBusiness.h; sourceTree = "<group>"; };
		69795864195945960017D864 /* CoreBusiness.m */ = {isa = PBXFileReference; lastKnownFileType = sourcecode.c.objc; path = CoreBusiness.m; sourceTree = "<group>"; };
		6979586B195945960017D864 /* XCTest.framework */ = {isa = PBXFileReference; lastKnownFileType = wrapper.framework; name = XCTest.framework; path = Library/Frameworks/XCTest.framework; sourceTree = DEVELOPER_DIR; };
		6979586E195945960017D864 /* UIKit.framework */ = {isa = PBXFileReference; lastKnownFileType = wrapper.framework; name = UIKit.framework; path = Library/Frameworks/UIKit.framework; sourceTree = DEVELOPER_DIR; };
		697ED9B71976552000BC09D2 /* NWBannerModel.h */ = {isa = PBXFileReference; fileEncoding = 4; lastKnownFileType = sourcecode.c.h; path = NWBannerModel.h; sourceTree = "<group>"; };
		697ED9B81976552000BC09D2 /* NWBannerModel.m */ = {isa = PBXFileReference; fileEncoding = 4; lastKnownFileType = sourcecode.c.objc; path = NWBannerModel.m; sourceTree = "<group>"; };
		69A42FE2195B409A00670DD1 /* libCoreNetWork.a */ = {isa = PBXFileReference; lastKnownFileType = archive.ar; name = libCoreNetWork.a; path = "../CoreNetWork/build/Debug-iphoneos/libCoreNetWork.a"; sourceTree = "<group>"; };
		69C37B1B1980D1C500B1F0D0 /* NWUpdateAppSender.h */ = {isa = PBXFileReference; fileEncoding = 4; lastKnownFileType = sourcecode.c.h; path = NWUpdateAppSender.h; sourceTree = "<group>"; };
		69C37B1C1980D1C500B1F0D0 /* NWUpdateAppSender.m */ = {isa = PBXFileReference; fileEncoding = 4; lastKnownFileType = sourcecode.c.objc; path = NWUpdateAppSender.m; sourceTree = "<group>"; };
		69C37B1E1980D23000B1F0D0 /* NWUpdateAppRequest.h */ = {isa = PBXFileReference; fileEncoding = 4; lastKnownFileType = sourcecode.c.h; path = NWUpdateAppRequest.h; sourceTree = "<group>"; };
		69C37B1F1980D23000B1F0D0 /* NWUpdateAppRequest.m */ = {isa = PBXFileReference; fileEncoding = 4; lastKnownFileType = sourcecode.c.objc; path = NWUpdateAppRequest.m; sourceTree = "<group>"; };
		69C37B231980D36B00B1F0D0 /* NWUpdateViewCacheBean.h */ = {isa = PBXFileReference; fileEncoding = 4; lastKnownFileType = sourcecode.c.h; path = NWUpdateViewCacheBean.h; sourceTree = "<group>"; };
		69C37B241980D36B00B1F0D0 /* NWUpdateViewCacheBean.m */ = {isa = PBXFileReference; fileEncoding = 4; lastKnownFileType = sourcecode.c.objc; path = NWUpdateViewCacheBean.m; sourceTree = "<group>"; };
/* End PBXFileReference section */

/* Begin PBXFrameworksBuildPhase section */
		69795857195945960017D864 /* Frameworks */ = {
			isa = PBXFrameworksBuildPhase;
			buildActionMask = 2147483647;
			files = (
				69A42FE3195B409A00670DD1 /* libCoreNetWork.a in Frameworks */,
				6979585E195945960017D864 /* Foundation.framework in Frameworks */,
			);
			runOnlyForDeploymentPostprocessing = 0;
		};
/* End PBXFrameworksBuildPhase section */

/* Begin PBXGroup section */
		6916EB28196F7C22005705B5 /* Detail */ = {
			isa = PBXGroup;
			children = (
				6916EB29196F7C22005705B5 /* NWDetailViewCacheBean.h */,
				6916EB2A196F7C22005705B5 /* NWDetailViewCacheBean.m */,
			);
			path = Detail;
			sourceTree = "<group>";
		};
		6916EB2B196F7C22005705B5 /* Hot */ = {
			isa = PBXGroup;
			children = (
				6916EB2C196F7C22005705B5 /* NWHotViewCacheBean.h */,
				6916EB2D196F7C22005705B5 /* NWHotViewCacheBean.m */,
			);
			path = Hot;
			sourceTree = "<group>";
		};
		6916EB30196F7C40005705B5 /* Detail */ = {
			isa = PBXGroup;
			children = (
				6916EB31196F7C40005705B5 /* NWAppHistoryModel.h */,
				6916EB32196F7C40005705B5 /* NWAppHistoryModel.m */,
				6916EB33196F7C40005705B5 /* NWDetailInfoModel.h */,
				6916EB34196F7C40005705B5 /* NWDetailInfoModel.m */,
				6916EB35196F7C40005705B5 /* NWDetailIntroductModel.h */,
				6916EB36196F7C40005705B5 /* NWDetailIntroductModel.m */,
				6916EB37196F7C40005705B5 /* NWDtailInterestModel.h */,
				6916EB38196F7C40005705B5 /* NWDtailInterestModel.m */,
			);
			path = Detail;
			sourceTree = "<group>";
		};
		6916EB39196F7C40005705B5 /* hot */ = {
			isa = PBXGroup;
			children = (
				6916EB3A196F7C40005705B5 /* NWListAppModel.h */,
				6916EB3B196F7C40005705B5 /* NWListAppModel.m */,
				697ED9B71976552000BC09D2 /* NWBannerModel.h */,
				697ED9B81976552000BC09D2 /* NWBannerModel.m */,
			);
			path = hot;
			sourceTree = "<group>";
		};
		6916EB41196F7C65005705B5 /* hot */ = {
			isa = PBXGroup;
			children = (
				6916EB42196F7C65005705B5 /* NWHotSender.h */,
				6916EB43196F7C65005705B5 /* NWHotSender.m */,
			);
			path = hot;
			sourceTree = "<group>";
		};
		6916EB5E196FC22A005705B5 /* Global */ = {
			isa = PBXGroup;
			children = (
				6916EB5F196FC23D005705B5 /* NWURLDefine.h */,
			);
			path = Global;
			sourceTree = "<group>";
		};
		693CAFDA195D0C3500518DAC /* Class */ = {
			isa = PBXGroup;
			children = (
				6916EB5E196FC22A005705B5 /* Global */,
				69B77BB3195FCEA600EB8D0D /* Extern */,
				693CAFE3195D0DB100518DAC /* Base */,
				693CB004195D5C1800518DAC /* Model */,
				693CAFDB195D0C3500518DAC /* Sender */,
				693CAFED195D118D00518DAC /* Request */,
				693CAFEE195D118D00518DAC /* Response */,
				693CB003195D5C1800518DAC /* CacheBean */,
			);
			path = Class;
			sourceTree = "<group>";
		};
		693CAFDB195D0C3500518DAC /* Sender */ = {
			isa = PBXGroup;
			children = (
				6916EB41196F7C65005705B5 /* hot */,
				69C37B1A1980D19D00B1F0D0 /* update */,
			);
			path = Sender;
			sourceTree = "<group>";
		};
		693CAFE3195D0DB100518DAC /* Base */ = {
			isa = PBXGroup;
			children = (
				6916EB22196F7B14005705B5 /* NWSender.h */,
				6916EB23196F7B14005705B5 /* NWSender.m */,
				6916EB1F196F7A4C005705B5 /* NWSenderResultModel.h */,
				6916EB20196F7A4C005705B5 /* NWSenderResultModel.m */,
				6916EB25196F7B86005705B5 /* NWViewCacheBean.h */,
				6916EB26196F7B86005705B5 /* NWViewCacheBean.m */,
				6916EB4C196FA443005705B5 /* NWViewCacheBeanPool.h */,
				6916EB4D196FA443005705B5 /* NWViewCacheBeanPool.m */,
				6916EB52196FA6F7005705B5 /* NWViewCacheBeanBlock.h */,
				6916EB53196FA6F7005705B5 /* NWViewCacheBeanBlock.m */,
				6916EB4F196FA45D005705B5 /* NWViewCacheBeanManager.h */,
				6916EB50196FA45D005705B5 /* NWViewCacheBeanManager.m */,
			);
			path = Base;
			sourceTree = "<group>";
		};
		693CAFED195D118D00518DAC /* Request */ = {
			isa = PBXGroup;
			children = (
				6916EB55196FBDA3005705B5 /* NWHotAppRequest.h */,
				6916EB56196FBDA3005705B5 /* NWHotAppRequest.m */,
				6916EB5B196FBF2E005705B5 /* NWAppDetailRequest.h */,
				6916EB5C196FBF2E005705B5 /* NWAppDetailRequest.m */,
				69C37B1E1980D23000B1F0D0 /* NWUpdateAppRequest.h */,
				69C37B1F1980D23000B1F0D0 /* NWUpdateAppRequest.m */,
			);
			path = Request;
			sourceTree = "<group>";
		};
		693CAFEE195D118D00518DAC /* Response */ = {
			isa = PBXGroup;
			children = (
				6916EB58196FBEAE005705B5 /* NWHotAppResponse.h */,
				6916EB59196FBEAE005705B5 /* NWHotAppResponse.m */,
			);
			path = Response;
			sourceTree = "<group>";
		};
		693CB003195D5C1800518DAC /* CacheBean */ = {
			isa = PBXGroup;
			children = (
				69C37B221980D35500B1F0D0 /* Update */,
				6916EB2B196F7C22005705B5 /* Hot */,
				6916EB28196F7C22005705B5 /* Detail */,
			);
			path = CacheBean;
			sourceTree = "<group>";
		};
		693CB004195D5C1800518DAC /* Model */ = {
			isa = PBXGroup;
			children = (
				69C37B211980D33700B1F0D0 /* Update */,
				6916EB39196F7C40005705B5 /* hot */,
				6916EB30196F7C40005705B5 /* Detail */,
			);
			path = Model;
			sourceTree = "<group>";
		};
		69795851195945960017D864 = {
			isa = PBXGroup;
			children = (
				6979585F195945960017D864 /* CoreBusiness */,
				6979585C195945960017D864 /* Frameworks */,
				6979585B195945960017D864 /* Products */,
			);
			sourceTree = "<group>";
		};
		6979585B195945960017D864 /* Products */ = {
			isa = PBXGroup;
			children = (
				6979585A195945960017D864 /* libCoreBusiness.a */,
			);
			name = Products;
			sourceTree = "<group>";
		};
		6979585C195945960017D864 /* Frameworks */ = {
			isa = PBXGroup;
			children = (
				69A42FE2195B409A00670DD1 /* libCoreNetWork.a */,
				6979585D195945960017D864 /* Foundation.framework */,
				6979586B195945960017D864 /* XCTest.framework */,
				6979586E195945960017D864 /* UIKit.framework */,
			);
			name = Frameworks;
			sourceTree = "<group>";
		};
		6979585F195945960017D864 /* CoreBusiness */ = {
			isa = PBXGroup;
			children = (
				693CAFDA195D0C3500518DAC /* Class */,
				69795862195945960017D864 /* CoreBusiness.h */,
				69795864195945960017D864 /* CoreBusiness.m */,
				69795860195945960017D864 /* Supporting Files */,
			);
			path = CoreBusiness;
			sourceTree = "<group>";
		};
		69795860195945960017D864 /* Supporting Files */ = {
			isa = PBXGroup;
			children = (
				69795861195945960017D864 /* CoreBusiness-Prefix.pch */,
			);
			name = "Supporting Files";
			sourceTree = "<group>";
		};
		69B77BB3195FCEA600EB8D0D /* Extern */ = {
			isa = PBXGroup;
			children = (
				69B77BB4195FCEA600EB8D0D /* Utils */,
			);
			path = Extern;
			sourceTree = "<group>";
		};
		69B77BB4195FCEA600EB8D0D /* Utils */ = {
			isa = PBXGroup;
			children = (
				6916EB45196F7C86005705B5 /* NWServiceUtil.h */,
				6916EB46196F7C86005705B5 /* NWServiceUtil.m */,
			);
			path = Utils;
			sourceTree = "<group>";
		};
		69C37B1A1980D19D00B1F0D0 /* update */ = {
			isa = PBXGroup;
			children = (
				69C37B1B1980D1C500B1F0D0 /* NWUpdateAppSender.h */,
				69C37B1C1980D1C500B1F0D0 /* NWUpdateAppSender.m */,
			);
			path = update;
			sourceTree = "<group>";
		};
		69C37B211980D33700B1F0D0 /* Update */ = {
			isa = PBXGroup;
			children = (
			);
			path = Update;
			sourceTree = "<group>";
		};
		69C37B221980D35500B1F0D0 /* Update */ = {
			isa = PBXGroup;
			children = (
				69C37B231980D36B00B1F0D0 /* NWUpdateViewCacheBean.h */,
				69C37B241980D36B00B1F0D0 /* NWUpdateViewCacheBean.m */,
			);
			path = Update;
			sourceTree = "<group>";
		};
/* End PBXGroup section */

/* Begin PBXNativeTarget section */
		69795859195945960017D864 /* CoreBusiness */ = {
			isa = PBXNativeTarget;
			buildConfigurationList = 6979587D195945960017D864 /* Build configuration list for PBXNativeTarget "CoreBusiness" */;
			buildPhases = (
				69795856195945960017D864 /* Sources */,
				69795857195945960017D864 /* Frameworks */,
				69795858195945960017D864 /* CopyFiles */,
			);
			buildRules = (
			);
			dependencies = (
			);
			name = CoreBusiness;
			productName = CoreBusiness;
			productReference = 6979585A195945960017D864 /* libCoreBusiness.a */;
			productType = "com.apple.product-type.library.static";
		};
/* End PBXNativeTarget section */

/* Begin PBXProject section */
		69795852195945960017D864 /* Project object */ = {
			isa = PBXProject;
			attributes = {
				CLASSPREFIX = "";
				LastUpgradeCheck = 0510;
				ORGANIZATIONNAME = NeoWork;
			};
			buildConfigurationList = 69795855195945960017D864 /* Build configuration list for PBXProject "CoreBusiness" */;
			compatibilityVersion = "Xcode 3.2";
			developmentRegion = English;
			hasScannedForEncodings = 0;
			knownRegions = (
				en,
			);
			mainGroup = 69795851195945960017D864;
			productRefGroup = 6979585B195945960017D864 /* Products */;
			projectDirPath = "";
			projectRoot = "";
			targets = (
				69795859195945960017D864 /* CoreBusiness */,
			);
		};
/* End PBXProject section */

/* Begin PBXSourcesBuildPhase section */
		69795856195945960017D864 /* Sources */ = {
			isa = PBXSourcesBuildPhase;
			buildActionMask = 2147483647;
			files = (
				6916EB3D196F7C40005705B5 /* NWDetailInfoModel.m in Sources */,
				6916EB5D196FBF2E005705B5 /* NWAppDetailRequest.m in Sources */,
				6916EB47196F7C86005705B5 /* NWServiceUtil.m in Sources */,
				69C37B201980D23000B1F0D0 /* NWUpdateAppRequest.m in Sources */,
				6916EB3F196F7C40005705B5 /* NWDtailInterestModel.m in Sources */,
				6916EB54196FA6F7005705B5 /* NWViewCacheBeanBlock.m in Sources */,
				6916EB4E196FA443005705B5 /* NWViewCacheBeanPool.m in Sources */,
				6916EB3E196F7C40005705B5 /* NWDetailIntroductModel.m in Sources */,
				6916EB5A196FBEAE005705B5 /* NWHotAppResponse.m in Sources */,
				6916EB2E196F7C22005705B5 /* NWDetailViewCacheBean.m in Sources */,
				6916EB2F196F7C22005705B5 /* NWHotViewCacheBean.m in Sources */,
				69795865195945960017D864 /* CoreBusiness.m in Sources */,
				69C37B251980D36B00B1F0D0 /* NWUpdateViewCacheBean.m in Sources */,
				6916EB24196F7B14005705B5 /* NWSender.m in Sources */,
				6916EB57196FBDA3005705B5 /* NWHotAppRequest.m in Sources */,
				6916EB51196FA45D005705B5 /* NWViewCacheBeanManager.m in Sources */,
				697ED9B91976552000BC09D2 /* NWBannerModel.m in Sources */,
				6916EB44196F7C65005705B5 /* NWHotSender.m in Sources */,
				69C37B1D1980D1C500B1F0D0 /* NWUpdateAppSender.m in Sources */,
				6916EB40196F7C40005705B5 /* NWListAppModel.m in Sources */,
				6916EB27196F7B86005705B5 /* NWViewCacheBean.m in Sources */,
				6916EB21196F7A4C005705B5 /* NWSenderResultModel.m in Sources */,
				6916EB3C196F7C40005705B5 /* NWAppHistoryModel.m in Sources */,
			);
			runOnlyForDeploymentPostprocessing = 0;
		};
/* End PBXSourcesBuildPhase section */

/* Begin XCBuildConfiguration section */
		6979587B195945960017D864 /* Debug */ = {
			isa = XCBuildConfiguration;
			buildSettings = {
				ALWAYS_SEARCH_USER_PATHS = NO;
				CLANG_CXX_LANGUAGE_STANDARD = "gnu++0x";
				CLANG_CXX_LIBRARY = "libc++";
				CLANG_ENABLE_MODULES = YES;
				CLANG_ENABLE_OBJC_ARC = YES;
				CLANG_WARN_BOOL_CONVERSION = YES;
				CLANG_WARN_CONSTANT_CONVERSION = YES;
				CLANG_WARN_DIRECT_OBJC_ISA_USAGE = YES_ERROR;
				CLANG_WARN_EMPTY_BODY = YES;
				CLANG_WARN_ENUM_CONVERSION = YES;
				CLANG_WARN_INT_CONVERSION = YES;
				CLANG_WARN_OBJC_ROOT_CLASS = YES_ERROR;
				CLANG_WARN__DUPLICATE_METHOD_MATCH = YES;
				COPY_PHASE_STRIP = NO;
				GCC_C_LANGUAGE_STANDARD = gnu99;
				GCC_DYNAMIC_NO_PIC = NO;
				GCC_OPTIMIZATION_LEVEL = 0;
				GCC_PREPROCESSOR_DEFINITIONS = (
					"DEBUG=1",
					"$(inherited)",
				);
				GCC_SYMBOLS_PRIVATE_EXTERN = NO;
				GCC_WARN_64_TO_32_BIT_CONVERSION = YES;
				GCC_WARN_ABOUT_RETURN_TYPE = YES_ERROR;
				GCC_WARN_UNDECLARED_SELECTOR = YES;
				GCC_WARN_UNINITIALIZED_AUTOS = YES_AGGRESSIVE;
				GCC_WARN_UNUSED_FUNCTION = YES;
				GCC_WARN_UNUSED_VARIABLE = YES;
				IPHONEOS_DEPLOYMENT_TARGET = 7.1;
				ONLY_ACTIVE_ARCH = YES;
				SDKROOT = iphoneos;
			};
			name = Debug;
		};
		6979587C195945960017D864 /* Release */ = {
			isa = XCBuildConfiguration;
			buildSettings = {
				ALWAYS_SEARCH_USER_PATHS = NO;
				CLANG_CXX_LANGUAGE_STANDARD = "gnu++0x";
				CLANG_CXX_LIBRARY = "libc++";
				CLANG_ENABLE_MODULES = YES;
				CLANG_ENABLE_OBJC_ARC = YES;
				CLANG_WARN_BOOL_CONVERSION = YES;
				CLANG_WARN_CONSTANT_CONVERSION = YES;
				CLANG_WARN_DIRECT_OBJC_ISA_USAGE = YES_ERROR;
				CLANG_WARN_EMPTY_BODY = YES;
				CLANG_WARN_ENUM_CONVERSION = YES;
				CLANG_WARN_INT_CONVERSION = YES;
				CLANG_WARN_OBJC_ROOT_CLASS = YES_ERROR;
				CLANG_WARN__DUPLICATE_METHOD_MATCH = YES;
				COPY_PHASE_STRIP = YES;
				ENABLE_NS_ASSERTIONS = NO;
				GCC_C_LANGUAGE_STANDARD = gnu99;
				GCC_WARN_64_TO_32_BIT_CONVERSION = YES;
				GCC_WARN_ABOUT_RETURN_TYPE = YES_ERROR;
				GCC_WARN_UNDECLARED_SELECTOR = YES;
				GCC_WARN_UNINITIALIZED_AUTOS = YES_AGGRESSIVE;
				GCC_WARN_UNUSED_FUNCTION = YES;
				GCC_WARN_UNUSED_VARIABLE = YES;
				IPHONEOS_DEPLOYMENT_TARGET = 7.1;
				SDKROOT = iphoneos;
				VALIDATE_PRODUCT = YES;
			};
			name = Release;
		};
		6979587E195945960017D864 /* Debug */ = {
			isa = XCBuildConfiguration;
			buildSettings = {
				ALWAYS_SEARCH_USER_PATHS = YES;
				DSTROOT = /tmp/CoreBusiness.dst;
				GCC_PRECOMPILE_PREFIX_HEADER = YES;
				GCC_PREFIX_HEADER = "CoreBusiness/CoreBusiness-Prefix.pch";
				LIBRARY_SEARCH_PATHS = (
					"$(inherited)",
					"/Users/Anselz/Documents/Github/FootBook/iOS/trunk/CoreNetWork/build/Debug-iphoneos",
				);
				OTHER_LDFLAGS = "-ObjC";
				PRODUCT_NAME = "$(TARGET_NAME)";
				SKIP_INSTALL = YES;
				USER_HEADER_SEARCH_PATHS = "../CoreNetWork/CoreNetWork/**";
			};
			name = Debug;
		};
		6979587F195945960017D864 /* Release */ = {
			isa = XCBuildConfiguration;
			buildSettings = {
				ALWAYS_SEARCH_USER_PATHS = YES;
				DSTROOT = /tmp/CoreBusiness.dst;
				GCC_PRECOMPILE_PREFIX_HEADER = YES;
				GCC_PREFIX_HEADER = "CoreBusiness/CoreBusiness-Prefix.pch";
				LIBRARY_SEARCH_PATHS = (
					"$(inherited)",
					"/Users/Anselz/Documents/Github/FootBook/iOS/trunk/CoreNetWork/build/Debug-iphoneos",
				);
				OTHER_LDFLAGS = "-ObjC";
				PRODUCT_NAME = "$(TARGET_NAME)";
				SKIP_INSTALL = YES;
				USER_HEADER_SEARCH_PATHS = "../CoreNetWork/CoreNetWork/**";
			};
			name = Release;
		};
/* End XCBuildConfiguration section */

/* Begin XCConfigurationList section */
		69795855195945960017D864 /* Build configuration list for PBXProject "CoreBusiness" */ = {
			isa = XCConfigurationList;
			buildConfigurations = (
				6979587B195945960017D864 /* Debug */,
				6979587C195945960017D864 /* Release */,
			);
			defaultConfigurationIsVisible = 0;
			defaultConfigurationName = Release;
		};
		6979587D195945960017D864 /* Build configuration list for PBXNativeTarget "CoreBusiness" */ = {
			isa = XCConfigurationList;
			buildConfigurations = (
				6979587E195945960017D864 /* Debug */,
				6979587F195945960017D864 /* Release */,
			);
			defaultConfigurationIsVisible = 0;
			defaultConfigurationName = Release;
		};
/* End XCConfigurationList section */
	};
	rootObject = 69795852195945960017D864 /* Project object */;
}
